
Microsoft Visual Studio Solution File, Format Version 12.00
# Visual Studio 15
VisualStudioVersion = 15.0.28307.421
MinimumVisualStudioVersion = 10.0.40219.1
Project("{FAE04EC0-301F-11D3-BF4B-00C04F79EFBC}") = "Graphics_Test", "Graphics_Test\Graphics_Test.csproj", "{CF3DC5DF-FB9A-49F7-8909-28BB892593CA}"
EndProject
Global
	GlobalSection(SolutionConfigurationPlatforms) = preSolution
		Debug|Any CPU = Debug|Any CPU
		Release|Any CPU = Release|Any CPU
	EndGlobalSection
	GlobalSection(ProjectConfigurationPlatforms) = postSolution
		{CF3DC5DF-FB9A-49F7-8909-28BB892593CA}.Debug|Any CPU.ActiveCfg = Debug|Any CPU
		{CF3DC5DF-FB9A-49F7-8909-28BB892593CA}.Debug|Any CPU.Build.0 = Debug|Any CPU
		{CF3DC5DF-FB9A-49F7-8909-28BB892593CA}.Release|Any CPU.ActiveCfg = Release|Any CPU
		{CF3DC5DF-FB9A-49F7-8909-28BB892593CA}.Release|Any CPU.Build.0 = Release|Any CPU
	EndGlobalSection
	GlobalSection(SolutionProperties) = preSolution
		HideSolutionNode = FALSE
	EndGlobalSection
	GlobalSection(ExtensibilityGlobals) = postSolution
		SolutionGuid = {FA77B8A1-667B-423C-B33F-2CDED1107479}
	EndGlobalSection
EndGlobal
